
Microsoft Visual Studio Solution File, Format Version 12.00
# Visual Studio 15
Project("{FAE04EC0-301F-11D3-BF4B-00C04F79EFBC}") = "UnityEngine.UI", "UnityEngine.UI.csproj", "{42F4094B-E184-8D8C-118A-5217D462A28D}"
EndProject
Project("{FAE04EC0-301F-11D3-BF4B-00C04F79EFBC}") = "Assembly-CSharp", "Assembly-CSharp.csproj", "{7CADA63C-72E9-31C9-D6CF-7D66EC2E6FDB}"
EndProject
Project("{FAE04EC0-301F-11D3-BF4B-00C04F79EFBC}") = "NavMeshComponentsExamples", "NavMeshComponentsExamples.csproj", "{461A1F6E-1835-05F4-6F38-BCE1032EC67F}"
EndProject
Project("{FAE04EC0-301F-11D3-BF4B-00C04F79EFBC}") = "NavMeshComponentsTestsPlaymode", "NavMeshComponentsTestsPlaymode.csproj", "{5BAD7DAE-0E4C-BCAC-68E2-124169759024}"
EndProject
Project("{FAE04EC0-301F-11D3-BF4B-00C04F79EFBC}") = "NavMeshComponents", "NavMeshComponents.csproj", "{A2875D52-25E6-8CCE-D0E3-855D34898146}"
EndProject
Project("{FAE04EC0-301F-11D3-BF4B-00C04F79EFBC}") = "UnityEditor.UI", "UnityEditor.UI.csproj", "{F108129A-0BD9-45FB-9B3F-39B39C393202}"
EndProject
Project("{FAE04EC0-301F-11D3-BF4B-00C04F79EFBC}") = "NavMeshComponentsEditor", "NavMeshComponentsEditor.csproj", "{ED0EB9C1-6998-A9E7-949C-C7D8B3C4BFB2}"
EndProject
Project("{FAE04EC0-301F-11D3-BF4B-00C04F79EFBC}") = "NavMeshComponentsTestsEditmode", "NavMeshComponentsTestsEditmode.csproj", "{3860640F-0DBB-1B4D-590D-DFA401FE52B9}"
EndProject
Project("{FAE04EC0-301F-11D3-BF4B-00C04F79EFBC}") = "NavMeshComponentsExamplesEditor", "NavMeshComponentsExamplesEditor.csproj", "{951DAC98-8E9D-1102-62AB-48702E1BAAB6}"
EndProject
Global
	GlobalSection(SolutionConfigurationPlatforms) = preSolution
		Debug|Any CPU = Debug|Any CPU
		Release|Any CPU = Release|Any CPU
	EndGlobalSection
	GlobalSection(ProjectConfigurationPlatforms) = postSolution
		{42F4094B-E184-8D8C-118A-5217D462A28D}.Debug|Any CPU.ActiveCfg = Debug|Any CPU
		{42F4094B-E184-8D8C-118A-5217D462A28D}.Debug|Any CPU.Build.0 = Debug|Any CPU
		{42F4094B-E184-8D8C-118A-5217D462A28D}.Release|Any CPU.ActiveCfg = Release|Any CPU
		{42F4094B-E184-8D8C-118A-5217D462A28D}.Release|Any CPU.Build.0 = Release|Any CPU
		{7CADA63C-72E9-31C9-D6CF-7D66EC2E6FDB}.Debug|Any CPU.ActiveCfg = Debug|Any CPU
		{7CADA63C-72E9-31C9-D6CF-7D66EC2E6FDB}.Debug|Any CPU.Build.0 = Debug|Any CPU
		{7CADA63C-72E9-31C9-D6CF-7D66EC2E6FDB}.Release|Any CPU.ActiveCfg = Release|Any CPU
		{7CADA63C-72E9-31C9-D6CF-7D66EC2E6FDB}.Release|Any CPU.Build.0 = Release|Any CPU
		{461A1F6E-1835-05F4-6F38-BCE1032EC67F}.Debug|Any CPU.ActiveCfg = Debug|Any CPU
		{461A1F6E-1835-05F4-6F38-BCE1032EC67F}.Debug|Any CPU.Build.0 = Debug|Any CPU
		{461A1F6E-1835-05F4-6F38-BCE1032EC67F}.Release|Any CPU.ActiveCfg = Release|Any CPU
		{461A1F6E-1835-05F4-6F38-BCE1032EC67F}.Release|Any CPU.Build.0 = Release|Any CPU
		{5BAD7DAE-0E4C-BCAC-68E2-124169759024}.Debug|Any CPU.ActiveCfg = Debug|Any CPU
		{5BAD7DAE-0E4C-BCAC-68E2-124169759024}.Debug|Any CPU.Build.0 = Debug|Any CPU
		{5BAD7DAE-0E4C-BCAC-68E2-124169759024}.Release|Any CPU.ActiveCfg = Release|Any CPU
		{5BAD7DAE-0E4C-BCAC-68E2-124169759024}.Release|Any CPU.Build.0 = Release|Any CPU
		{A2875D52-25E6-8CCE-D0E3-855D34898146}.Debug|Any CPU.ActiveCfg = Debug|Any CPU
		{A2875D52-25E6-8CCE-D0E3-855D34898146}.Debug|Any CPU.Build.0 = Debug|Any CPU
		{A2875D52-25E6-8CCE-D0E3-855D34898146}.Release|Any CPU.ActiveCfg = Release|Any CPU
		{A2875D52-25E6-8CCE-D0E3-855D34898146}.Release|Any CPU.Build.0 = Release|Any CPU
		{F108129A-0BD9-45FB-9B3F-39B39C393202}.Debug|Any CPU.ActiveCfg = Debug|Any CPU
		{F108129A-0BD9-45FB-9B3F-39B39C393202}.Debug|Any CPU.Build.0 = Debug|Any CPU
		{F108129A-0BD9-45FB-9B3F-39B39C393202}.Release|Any CPU.ActiveCfg = Release|Any CPU
		{F108129A-0BD9-45FB-9B3F-39B39C393202}.Release|Any CPU.Build.0 = Release|Any CPU
		{ED0EB9C1-6998-A9E7-949C-C7D8B3C4BFB2}.Debug|Any CPU.ActiveCfg = Debug|Any CPU
		{ED0EB9C1-6998-A9E7-949C-C7D8B3C4BFB2}.Debug|Any CPU.Build.0 = Debug|Any CPU
		{ED0EB9C1-6998-A9E7-949C-C7D8B3C4BFB2}.Release|Any CPU.ActiveCfg = Release|Any CPU
		{ED0EB9C1-6998-A9E7-949C-C7D8B3C4BFB2}.Release|Any CPU.Build.0 = Release|Any CPU
		{3860640F-0DBB-1B4D-590D-DFA401FE52B9}.Debug|Any CPU.ActiveCfg = Debug|Any CPU
		{3860640F-0DBB-1B4D-590D-DFA401FE52B9}.Debug|Any CPU.Build.0 = Debug|Any CPU
		{3860640F-0DBB-1B4D-590D-DFA401FE52B9}.Release|Any CPU.ActiveCfg = Release|Any CPU
		{3860640F-0DBB-1B4D-590D-DFA401FE52B9}.Release|Any CPU.Build.0 = Release|Any CPU
		{951DAC98-8E9D-1102-62AB-48702E1BAAB6}.Debug|Any CPU.ActiveCfg = Debug|Any CPU
		{951DAC98-8E9D-1102-62AB-48702E1BAAB6}.Debug|Any CPU.Build.0 = Debug|Any CPU
		{951DAC98-8E9D-1102-62AB-48702E1BAAB6}.Release|Any CPU.ActiveCfg = Release|Any CPU
		{951DAC98-8E9D-1102-62AB-48702E1BAAB6}.Release|Any CPU.Build.0 = Release|Any CPU
	EndGlobalSection
	GlobalSection(SolutionProperties) = preSolution
		HideSolutionNode = FALSE
	EndGlobalSection
EndGlobal
