
Microsoft Visual Studio Solution File, Format Version 12.00
# Visual Studio 15
Project("{FAE04EC0-301F-11D3-BF4B-00C04F79EFBC}") = "UnityEngine.UI", "UnityEngine.UI.csproj", "{42F4094B-E184-8D8C-118A-5217D462A28D}"
EndProject
Project("{FAE04EC0-301F-11D3-BF4B-00C04F79EFBC}") = "Mirror", "Mirror.csproj", "{B446F8F8-093C-C784-D368-AD7CE0218109}"
EndProject
Project("{FAE04EC0-301F-11D3-BF4B-00C04F79EFBC}") = "Assembly-CSharp", "Assembly-CSharp.csproj", "{7CADA63C-72E9-31C9-D6CF-7D66EC2E6FDB}"
EndProject
Project("{FAE04EC0-301F-11D3-BF4B-00C04F79EFBC}") = "SimpleWebTransport", "SimpleWebTransport.csproj", "{95731A82-867F-72AB-1C78-8C8F0E3BEF8C}"
EndProject
Project("{FAE04EC0-301F-11D3-BF4B-00C04F79EFBC}") = "Mirror.Examples", "Mirror.Examples.csproj", "{884DF399-73E4-7688-CA1A-6988FBC6FF84}"
EndProject
Project("{FAE04EC0-301F-11D3-BF4B-00C04F79EFBC}") = "Mirror.Components", "Mirror.Components.csproj", "{C2DD0EAB-0028-1526-EE86-AB221A1A584B}"
EndProject
Project("{FAE04EC0-301F-11D3-BF4B-00C04F79EFBC}") = "NavMeshComponentsExamples", "NavMeshComponentsExamples.csproj", "{461A1F6E-1835-05F4-6F38-BCE1032EC67F}"
EndProject
Project("{FAE04EC0-301F-11D3-BF4B-00C04F79EFBC}") = "NavMeshComponentsTestsPlaymode", "NavMeshComponentsTestsPlaymode.csproj", "{5BAD7DAE-0E4C-BCAC-68E2-124169759024}"
EndProject
Project("{FAE04EC0-301F-11D3-BF4B-00C04F79EFBC}") = "kcp2k", "kcp2k.csproj", "{BE66828E-FD24-0A69-4E4F-50320F2B2241}"
EndProject
Project("{FAE04EC0-301F-11D3-BF4B-00C04F79EFBC}") = "Telepathy", "Telepathy.csproj", "{E3DE065D-DEB2-4C90-75C6-D8549667F4D7}"
EndProject
Project("{FAE04EC0-301F-11D3-BF4B-00C04F79EFBC}") = "NavMeshComponents", "NavMeshComponents.csproj", "{A2875D52-25E6-8CCE-D0E3-855D34898146}"
EndProject
Project("{FAE04EC0-301F-11D3-BF4B-00C04F79EFBC}") = "Mirror.Authenticators", "Mirror.Authenticators.csproj", "{83F9D8D4-4B2C-2CC9-D53F-720AEB58B8C7}"
EndProject
Project("{FAE04EC0-301F-11D3-BF4B-00C04F79EFBC}") = "where-allocations", "where-allocations.csproj", "{7D741798-B022-03A8-D83A-E855DC63802C}"
EndProject
Project("{FAE04EC0-301F-11D3-BF4B-00C04F79EFBC}") = "UnityEditor.UI", "UnityEditor.UI.csproj", "{F108129A-0BD9-45FB-9B3F-39B39C393202}"
EndProject
Project("{FAE04EC0-301F-11D3-BF4B-00C04F79EFBC}") = "Unity.Mirror.CodeGen", "Unity.Mirror.CodeGen.csproj", "{93165907-E1C0-5D94-0BE5-878B24457932}"
EndProject
Project("{FAE04EC0-301F-11D3-BF4B-00C04F79EFBC}") = "NavMeshComponentsEditor", "NavMeshComponentsEditor.csproj", "{ED0EB9C1-6998-A9E7-949C-C7D8B3C4BFB2}"
EndProject
Project("{FAE04EC0-301F-11D3-BF4B-00C04F79EFBC}") = "Mirror.Editor", "Mirror.Editor.csproj", "{BE425823-ADB5-D9AE-342F-126EE0BDDB2B}"
EndProject
Project("{FAE04EC0-301F-11D3-BF4B-00C04F79EFBC}") = "Mirror.CompilerSymbols", "Mirror.CompilerSymbols.csproj", "{DAFB883F-64F1-9A26-A6EA-037054455C7B}"
EndProject
Project("{FAE04EC0-301F-11D3-BF4B-00C04F79EFBC}") = "NavMeshComponentsTestsEditmode", "NavMeshComponentsTestsEditmode.csproj", "{3860640F-0DBB-1B4D-590D-DFA401FE52B9}"
EndProject
Project("{FAE04EC0-301F-11D3-BF4B-00C04F79EFBC}") = "NavMeshComponentsExamplesEditor", "NavMeshComponentsExamplesEditor.csproj", "{951DAC98-8E9D-1102-62AB-48702E1BAAB6}"
EndProject
Global
	GlobalSection(SolutionConfigurationPlatforms) = preSolution
		Debug|Any CPU = Debug|Any CPU
		Release|Any CPU = Release|Any CPU
	EndGlobalSection
	GlobalSection(ProjectConfigurationPlatforms) = postSolution
		{42F4094B-E184-8D8C-118A-5217D462A28D}.Debug|Any CPU.ActiveCfg = Debug|Any CPU
		{42F4094B-E184-8D8C-118A-5217D462A28D}.Debug|Any CPU.Build.0 = Debug|Any CPU
		{42F4094B-E184-8D8C-118A-5217D462A28D}.Release|Any CPU.ActiveCfg = Release|Any CPU
		{42F4094B-E184-8D8C-118A-5217D462A28D}.Release|Any CPU.Build.0 = Release|Any CPU
		{B446F8F8-093C-C784-D368-AD7CE0218109}.Debug|Any CPU.ActiveCfg = Debug|Any CPU
		{B446F8F8-093C-C784-D368-AD7CE0218109}.Debug|Any CPU.Build.0 = Debug|Any CPU
		{B446F8F8-093C-C784-D368-AD7CE0218109}.Release|Any CPU.ActiveCfg = Release|Any CPU
		{B446F8F8-093C-C784-D368-AD7CE0218109}.Release|Any CPU.Build.0 = Release|Any CPU
		{7CADA63C-72E9-31C9-D6CF-7D66EC2E6FDB}.Debug|Any CPU.ActiveCfg = Debug|Any CPU
		{7CADA63C-72E9-31C9-D6CF-7D66EC2E6FDB}.Debug|Any CPU.Build.0 = Debug|Any CPU
		{7CADA63C-72E9-31C9-D6CF-7D66EC2E6FDB}.Release|Any CPU.ActiveCfg = Release|Any CPU
		{7CADA63C-72E9-31C9-D6CF-7D66EC2E6FDB}.Release|Any CPU.Build.0 = Release|Any CPU
		{95731A82-867F-72AB-1C78-8C8F0E3BEF8C}.Debug|Any CPU.ActiveCfg = Debug|Any CPU
		{95731A82-867F-72AB-1C78-8C8F0E3BEF8C}.Debug|Any CPU.Build.0 = Debug|Any CPU
		{95731A82-867F-72AB-1C78-8C8F0E3BEF8C}.Release|Any CPU.ActiveCfg = Release|Any CPU
		{95731A82-867F-72AB-1C78-8C8F0E3BEF8C}.Release|Any CPU.Build.0 = Release|Any CPU
		{884DF399-73E4-7688-CA1A-6988FBC6FF84}.Debug|Any CPU.ActiveCfg = Debug|Any CPU
		{884DF399-73E4-7688-CA1A-6988FBC6FF84}.Debug|Any CPU.Build.0 = Debug|Any CPU
		{884DF399-73E4-7688-CA1A-6988FBC6FF84}.Release|Any CPU.ActiveCfg = Release|Any CPU
		{884DF399-73E4-7688-CA1A-6988FBC6FF84}.Release|Any CPU.Build.0 = Release|Any CPU
		{C2DD0EAB-0028-1526-EE86-AB221A1A584B}.Debug|Any CPU.ActiveCfg = Debug|Any CPU
		{C2DD0EAB-0028-1526-EE86-AB221A1A584B}.Debug|Any CPU.Build.0 = Debug|Any CPU
		{C2DD0EAB-0028-1526-EE86-AB221A1A584B}.Release|Any CPU.ActiveCfg = Release|Any CPU
		{C2DD0EAB-0028-1526-EE86-AB221A1A584B}.Release|Any CPU.Build.0 = Release|Any CPU
		{461A1F6E-1835-05F4-6F38-BCE1032EC67F}.Debug|Any CPU.ActiveCfg = Debug|Any CPU
		{461A1F6E-1835-05F4-6F38-BCE1032EC67F}.Debug|Any CPU.Build.0 = Debug|Any CPU
		{461A1F6E-1835-05F4-6F38-BCE1032EC67F}.Release|Any CPU.ActiveCfg = Release|Any CPU
		{461A1F6E-1835-05F4-6F38-BCE1032EC67F}.Release|Any CPU.Build.0 = Release|Any CPU
		{5BAD7DAE-0E4C-BCAC-68E2-124169759024}.Debug|Any CPU.ActiveCfg = Debug|Any CPU
		{5BAD7DAE-0E4C-BCAC-68E2-124169759024}.Debug|Any CPU.Build.0 = Debug|Any CPU
		{5BAD7DAE-0E4C-BCAC-68E2-124169759024}.Release|Any CPU.ActiveCfg = Release|Any CPU
		{5BAD7DAE-0E4C-BCAC-68E2-124169759024}.Release|Any CPU.Build.0 = Release|Any CPU
		{BE66828E-FD24-0A69-4E4F-50320F2B2241}.Debug|Any CPU.ActiveCfg = Debug|Any CPU
		{BE66828E-FD24-0A69-4E4F-50320F2B2241}.Debug|Any CPU.Build.0 = Debug|Any CPU
		{BE66828E-FD24-0A69-4E4F-50320F2B2241}.Release|Any CPU.ActiveCfg = Release|Any CPU
		{BE66828E-FD24-0A69-4E4F-50320F2B2241}.Release|Any CPU.Build.0 = Release|Any CPU
		{E3DE065D-DEB2-4C90-75C6-D8549667F4D7}.Debug|Any CPU.ActiveCfg = Debug|Any CPU
		{E3DE065D-DEB2-4C90-75C6-D8549667F4D7}.Debug|Any CPU.Build.0 = Debug|Any CPU
		{E3DE065D-DEB2-4C90-75C6-D8549667F4D7}.Release|Any CPU.ActiveCfg = Release|Any CPU
		{E3DE065D-DEB2-4C90-75C6-D8549667F4D7}.Release|Any CPU.Build.0 = Release|Any CPU
		{A2875D52-25E6-8CCE-D0E3-855D34898146}.Debug|Any CPU.ActiveCfg = Debug|Any CPU
		{A2875D52-25E6-8CCE-D0E3-855D34898146}.Debug|Any CPU.Build.0 = Debug|Any CPU
		{A2875D52-25E6-8CCE-D0E3-855D34898146}.Release|Any CPU.ActiveCfg = Release|Any CPU
		{A2875D52-25E6-8CCE-D0E3-855D34898146}.Release|Any CPU.Build.0 = Release|Any CPU
		{83F9D8D4-4B2C-2CC9-D53F-720AEB58B8C7}.Debug|Any CPU.ActiveCfg = Debug|Any CPU
		{83F9D8D4-4B2C-2CC9-D53F-720AEB58B8C7}.Debug|Any CPU.Build.0 = Debug|Any CPU
		{83F9D8D4-4B2C-2CC9-D53F-720AEB58B8C7}.Release|Any CPU.ActiveCfg = Release|Any CPU
		{83F9D8D4-4B2C-2CC9-D53F-720AEB58B8C7}.Release|Any CPU.Build.0 = Release|Any CPU
		{7D741798-B022-03A8-D83A-E855DC63802C}.Debug|Any CPU.ActiveCfg = Debug|Any CPU
		{7D741798-B022-03A8-D83A-E855DC63802C}.Debug|Any CPU.Build.0 = Debug|Any CPU
		{7D741798-B022-03A8-D83A-E855DC63802C}.Release|Any CPU.ActiveCfg = Release|Any CPU
		{7D741798-B022-03A8-D83A-E855DC63802C}.Release|Any CPU.Build.0 = Release|Any CPU
		{F108129A-0BD9-45FB-9B3F-39B39C393202}.Debug|Any CPU.ActiveCfg = Debug|Any CPU
		{F108129A-0BD9-45FB-9B3F-39B39C393202}.Debug|Any CPU.Build.0 = Debug|Any CPU
		{F108129A-0BD9-45FB-9B3F-39B39C393202}.Release|Any CPU.ActiveCfg = Release|Any CPU
		{F108129A-0BD9-45FB-9B3F-39B39C393202}.Release|Any CPU.Build.0 = Release|Any CPU
		{93165907-E1C0-5D94-0BE5-878B24457932}.Debug|Any CPU.ActiveCfg = Debug|Any CPU
		{93165907-E1C0-5D94-0BE5-878B24457932}.Debug|Any CPU.Build.0 = Debug|Any CPU
		{93165907-E1C0-5D94-0BE5-878B24457932}.Release|Any CPU.ActiveCfg = Release|Any CPU
		{93165907-E1C0-5D94-0BE5-878B24457932}.Release|Any CPU.Build.0 = Release|Any CPU
		{ED0EB9C1-6998-A9E7-949C-C7D8B3C4BFB2}.Debug|Any CPU.ActiveCfg = Debug|Any CPU
		{ED0EB9C1-6998-A9E7-949C-C7D8B3C4BFB2}.Debug|Any CPU.Build.0 = Debug|Any CPU
		{ED0EB9C1-6998-A9E7-949C-C7D8B3C4BFB2}.Release|Any CPU.ActiveCfg = Release|Any CPU
		{ED0EB9C1-6998-A9E7-949C-C7D8B3C4BFB2}.Release|Any CPU.Build.0 = Release|Any CPU
		{BE425823-ADB5-D9AE-342F-126EE0BDDB2B}.Debug|Any CPU.ActiveCfg = Debug|Any CPU
		{BE425823-ADB5-D9AE-342F-126EE0BDDB2B}.Debug|Any CPU.Build.0 = Debug|Any CPU
		{BE425823-ADB5-D9AE-342F-126EE0BDDB2B}.Release|Any CPU.ActiveCfg = Release|Any CPU
		{BE425823-ADB5-D9AE-342F-126EE0BDDB2B}.Release|Any CPU.Build.0 = Release|Any CPU
		{DAFB883F-64F1-9A26-A6EA-037054455C7B}.Debug|Any CPU.ActiveCfg = Debug|Any CPU
		{DAFB883F-64F1-9A26-A6EA-037054455C7B}.Debug|Any CPU.Build.0 = Debug|Any CPU
		{DAFB883F-64F1-9A26-A6EA-037054455C7B}.Release|Any CPU.ActiveCfg = Release|Any CPU
		{DAFB883F-64F1-9A26-A6EA-037054455C7B}.Release|Any CPU.Build.0 = Release|Any CPU
		{3860640F-0DBB-1B4D-590D-DFA401FE52B9}.Debug|Any CPU.ActiveCfg = Debug|Any CPU
		{3860640F-0DBB-1B4D-590D-DFA401FE52B9}.Debug|Any CPU.Build.0 = Debug|Any CPU
		{3860640F-0DBB-1B4D-590D-DFA401FE52B9}.Release|Any CPU.ActiveCfg = Release|Any CPU
		{3860640F-0DBB-1B4D-590D-DFA401FE52B9}.Release|Any CPU.Build.0 = Release|Any CPU
		{951DAC98-8E9D-1102-62AB-48702E1BAAB6}.Debug|Any CPU.ActiveCfg = Debug|Any CPU
		{951DAC98-8E9D-1102-62AB-48702E1BAAB6}.Debug|Any CPU.Build.0 = Debug|Any CPU
		{951DAC98-8E9D-1102-62AB-48702E1BAAB6}.Release|Any CPU.ActiveCfg = Release|Any CPU
		{951DAC98-8E9D-1102-62AB-48702E1BAAB6}.Release|Any CPU.Build.0 = Release|Any CPU
	EndGlobalSection
	GlobalSection(SolutionProperties) = preSolution
		HideSolutionNode = FALSE
	EndGlobalSection
EndGlobal
